
Microsoft Visual Studio Solution File, Format Version 12.00
# Visual Studio Version 17
VisualStudioVersion = 17.12.35707.178
MinimumVisualStudioVersion = 10.0.40219.1
Project("{8BC9CEB8-8B4A-11D0-8D11-00A0C91BC942}") = "DummyClient", "DummyClient\DummyClient.vcxproj", "{10763E42-9623-450A-8005-7DF1D67D049B}"
EndProject
Project("{8BC9CEB8-8B4A-11D0-8D11-00A0C91BC942}") = "ServerCore", "ServerCore\ServerCore.vcxproj", "{06E33453-7277-4458-9ECA-030E662C2598}"
EndProject
Project("{8BC9CEB8-8B4A-11D0-8D11-00A0C91BC942}") = "GameServer", "GameServer\GameServer.vcxproj", "{1EB739EF-6F97-4978-862E-161EFB22D318}"
EndProject
Project("{2150E333-8FDC-42A3-9474-1A3956D46DE8}") = "Tools", "Tools", "{DBFCD51F-4D05-42A2-B4F7-9B745DC87AC4}"
EndProject
Project("{888888A0-9F3D-457C-B088-3A5042F75D52}") = "PacketGenerator", "Tools\PacketGenerator\PacketGenerator.pyproj", "{58104683-1B94-497F-896D-43E81AD37A6A}"
EndProject
Global
	GlobalSection(SolutionConfigurationPlatforms) = preSolution
		Debug|Any CPU = Debug|Any CPU
		Debug|x64 = Debug|x64
		Debug|x86 = Debug|x86
		Release|Any CPU = Release|Any CPU
		Release|x64 = Release|x64
		Release|x86 = Release|x86
	EndGlobalSection
	GlobalSection(ProjectConfigurationPlatforms) = postSolution
		{10763E42-9623-450A-8005-7DF1D67D049B}.Debug|Any CPU.ActiveCfg = Debug|x64
		{10763E42-9623-450A-8005-7DF1D67D049B}.Debug|Any CPU.Build.0 = Debug|x64
		{10763E42-9623-450A-8005-7DF1D67D049B}.Debug|x64.ActiveCfg = Debug|x64
		{10763E42-9623-450A-8005-7DF1D67D049B}.Debug|x64.Build.0 = Debug|x64
		{10763E42-9623-450A-8005-7DF1D67D049B}.Debug|x86.ActiveCfg = Debug|Win32
		{10763E42-9623-450A-8005-7DF1D67D049B}.Debug|x86.Build.0 = Debug|Win32
		{10763E42-9623-450A-8005-7DF1D67D049B}.Release|Any CPU.ActiveCfg = Release|x64
		{10763E42-9623-450A-8005-7DF1D67D049B}.Release|Any CPU.Build.0 = Release|x64
		{10763E42-9623-450A-8005-7DF1D67D049B}.Release|x64.ActiveCfg = Release|x64
		{10763E42-9623-450A-8005-7DF1D67D049B}.Release|x64.Build.0 = Release|x64
		{10763E42-9623-450A-8005-7DF1D67D049B}.Release|x86.ActiveCfg = Release|Win32
		{10763E42-9623-450A-8005-7DF1D67D049B}.Release|x86.Build.0 = Release|Win32
		{06E33453-7277-4458-9ECA-030E662C2598}.Debug|Any CPU.ActiveCfg = Debug|x64
		{06E33453-7277-4458-9ECA-030E662C2598}.Debug|Any CPU.Build.0 = Debug|x64
		{06E33453-7277-4458-9ECA-030E662C2598}.Debug|x64.ActiveCfg = Debug|x64
		{06E33453-7277-4458-9ECA-030E662C2598}.Debug|x64.Build.0 = Debug|x64
		{06E33453-7277-4458-9ECA-030E662C2598}.Debug|x86.ActiveCfg = Debug|Win32
		{06E33453-7277-4458-9ECA-030E662C2598}.Debug|x86.Build.0 = Debug|Win32
		{06E33453-7277-4458-9ECA-030E662C2598}.Release|Any CPU.ActiveCfg = Release|x64
		{06E33453-7277-4458-9ECA-030E662C2598}.Release|Any CPU.Build.0 = Release|x64
		{06E33453-7277-4458-9ECA-030E662C2598}.Release|x64.ActiveCfg = Release|x64
		{06E33453-7277-4458-9ECA-030E662C2598}.Release|x64.Build.0 = Release|x64
		{06E33453-7277-4458-9ECA-030E662C2598}.Release|x86.ActiveCfg = Release|Win32
		{06E33453-7277-4458-9ECA-030E662C2598}.Release|x86.Build.0 = Release|Win32
		{1EB739EF-6F97-4978-862E-161EFB22D318}.Debug|Any CPU.ActiveCfg = Debug|x64
		{1EB739EF-6F97-4978-862E-161EFB22D318}.Debug|Any CPU.Build.0 = Debug|x64
		{1EB739EF-6F97-4978-862E-161EFB22D318}.Debug|x64.ActiveCfg = Debug|x64
		{1EB739EF-6F97-4978-862E-161EFB22D318}.Debug|x64.Build.0 = Debug|x64
		{1EB739EF-6F97-4978-862E-161EFB22D318}.Debug|x86.ActiveCfg = Debug|Win32
		{1EB739EF-6F97-4978-862E-161EFB22D318}.Debug|x86.Build.0 = Debug|Win32
		{1EB739EF-6F97-4978-862E-161EFB22D318}.Release|Any CPU.ActiveCfg = Release|x64
		{1EB739EF-6F97-4978-862E-161EFB22D318}.Release|Any CPU.Build.0 = Release|x64
		{1EB739EF-6F97-4978-862E-161EFB22D318}.Release|x64.ActiveCfg = Release|x64
		{1EB739EF-6F97-4978-862E-161EFB22D318}.Release|x64.Build.0 = Release|x64
		{1EB739EF-6F97-4978-862E-161EFB22D318}.Release|x86.ActiveCfg = Release|Win32
		{1EB739EF-6F97-4978-862E-161EFB22D318}.Release|x86.Build.0 = Release|Win32
		{58104683-1B94-497F-896D-43E81AD37A6A}.Debug|Any CPU.ActiveCfg = Debug|Any CPU
		{58104683-1B94-497F-896D-43E81AD37A6A}.Debug|x64.ActiveCfg = Debug|Any CPU
		{58104683-1B94-497F-896D-43E81AD37A6A}.Debug|x86.ActiveCfg = Debug|Any CPU
		{58104683-1B94-497F-896D-43E81AD37A6A}.Release|Any CPU.ActiveCfg = Release|Any CPU
		{58104683-1B94-497F-896D-43E81AD37A6A}.Release|x64.ActiveCfg = Release|Any CPU
		{58104683-1B94-497F-896D-43E81AD37A6A}.Release|x86.ActiveCfg = Release|Any CPU
	EndGlobalSection
	GlobalSection(SolutionProperties) = preSolution
		HideSolutionNode = FALSE
	EndGlobalSection
	GlobalSection(NestedProjects) = preSolution
		{58104683-1B94-497F-896D-43E81AD37A6A} = {DBFCD51F-4D05-42A2-B4F7-9B745DC87AC4}
	EndGlobalSection
EndGlobal
